
Microsoft Visual Studio Solution File, Format Version 12.00
# Visual Studio Version 17
VisualStudioVersion = 17.14.36414.22 d17.14
MinimumVisualStudioVersion = 10.0.40219.1
Project("{FAE04EC0-301F-11D3-BF4B-00C04F79EFBC}") = "RateLimiting", "RateLimiting\RateLimiting.csproj", "{2F36C97C-3D77-4551-8C96-9A526C507B33}"
EndProject
Project("{FAE04EC0-301F-11D3-BF4B-00C04F79EFBC}") = "RateLimitingTest", "RateLimitingTest\RateLimitingTest.csproj", "{332BD527-DD15-47AF-86A0-6AA8715FD5D4}"
EndProject
Global
	GlobalSection(SolutionConfigurationPlatforms) = preSolution
		Debug|Any CPU = Debug|Any CPU
		Release|Any CPU = Release|Any CPU
	EndGlobalSection
	GlobalSection(ProjectConfigurationPlatforms) = postSolution
		{2F36C97C-3D77-4551-8C96-9A526C507B33}.Debug|Any CPU.ActiveCfg = Debug|Any CPU
		{2F36C97C-3D77-4551-8C96-9A526C507B33}.Debug|Any CPU.Build.0 = Debug|Any CPU
		{2F36C97C-3D77-4551-8C96-9A526C507B33}.Release|Any CPU.ActiveCfg = Release|Any CPU
		{2F36C97C-3D77-4551-8C96-9A526C507B33}.Release|Any CPU.Build.0 = Release|Any CPU
		{332BD527-DD15-47AF-86A0-6AA8715FD5D4}.Debug|Any CPU.ActiveCfg = Debug|Any CPU
		{332BD527-DD15-47AF-86A0-6AA8715FD5D4}.Debug|Any CPU.Build.0 = Debug|Any CPU
		{332BD527-DD15-47AF-86A0-6AA8715FD5D4}.Release|Any CPU.ActiveCfg = Release|Any CPU
		{332BD527-DD15-47AF-86A0-6AA8715FD5D4}.Release|Any CPU.Build.0 = Release|Any CPU
	EndGlobalSection
	GlobalSection(SolutionProperties) = preSolution
		HideSolutionNode = FALSE
	EndGlobalSection
	GlobalSection(ExtensibilityGlobals) = postSolution
		SolutionGuid = {5500485C-132A-4554-94CC-9019170C8725}
	EndGlobalSection
EndGlobal
